
Microsoft Visual Studio Solution File, Format Version 12.00
# Visual Studio 2012
Project("{FAE04EC0-301F-11D3-BF4B-00C04F79EFBC}") = "Tam.Lib.Data", "..\lib\Tam.Lib.Data\Tam.Lib.Data.csproj", "{80E085C4-170B-453E-BDC7-F37464C47DA9}"
EndProject
Project("{FAE04EC0-301F-11D3-BF4B-00C04F79EFBC}") = "Tam.Lib.Model", "..\lib\Tam.Lib.Model\Tam.Lib.Model.csproj", "{9A6167F2-A04F-41FD-973D-F62901D92B45}"
EndProject
Project("{FAE04EC0-301F-11D3-BF4B-00C04F79EFBC}") = "Tam.Lib.Security", "..\lib\Tam.Lib.Security\Tam.Lib.Security.csproj", "{E6425629-7306-4366-861A-A5560E2C2325}"
EndProject
Project("{FAE04EC0-301F-11D3-BF4B-00C04F79EFBC}") = "Tam.Lib.Services", "..\lib\Tam.Lib.Services\Tam.Lib.Services.csproj", "{956000FE-ABF7-40F9-8FDC-4AA18605D575}"
EndProject
Project("{2150E333-8FDC-42A3-9474-1A3956D46DE8}") = "Libraries", "Libraries", "{1217708D-706B-45C8-A8A7-7FE627DFECA4}"
EndProject
Project("{FAE04EC0-301F-11D3-BF4B-00C04F79EFBC}") = "RS2013.RefugeesUnited.Model", "RS2013.RefugeesUnited.Model\RS2013.RefugeesUnited.Model.csproj", "{EF7CB566-F77C-48D2-9B8F-AFC64766BD5E}"
EndProject
Project("{FAE04EC0-301F-11D3-BF4B-00C04F79EFBC}") = "RS2013.RefugeesUnited.Data", "RS2013.RefugeesUnited.Data\RS2013.RefugeesUnited.Data.csproj", "{D05C489A-101F-4001-9317-1692803CDBCA}"
EndProject
Project("{FAE04EC0-301F-11D3-BF4B-00C04F79EFBC}") = "RS2013.RefugeesUnited.Services", "RS2013.RefugeesUnited.Services\RS2013.RefugeesUnited.Services.csproj", "{2BE1A179-7D01-4EA2-98FC-D4125E6A5519}"
EndProject
Project("{FAE04EC0-301F-11D3-BF4B-00C04F79EFBC}") = "RS2013.RefugeesUnited.API", "RS2013.RefugeesUnited.API\RS2013.RefugeesUnited.API.csproj", "{70416917-E9C5-4295-8C06-9534C58B0102}"
EndProject
Global
	GlobalSection(SolutionConfigurationPlatforms) = preSolution
		Debug|Any CPU = Debug|Any CPU
		Release|Any CPU = Release|Any CPU
	EndGlobalSection
	GlobalSection(ProjectConfigurationPlatforms) = postSolution
		{80E085C4-170B-453E-BDC7-F37464C47DA9}.Debug|Any CPU.ActiveCfg = Debug|Any CPU
		{80E085C4-170B-453E-BDC7-F37464C47DA9}.Debug|Any CPU.Build.0 = Debug|Any CPU
		{80E085C4-170B-453E-BDC7-F37464C47DA9}.Release|Any CPU.ActiveCfg = Release|Any CPU
		{80E085C4-170B-453E-BDC7-F37464C47DA9}.Release|Any CPU.Build.0 = Release|Any CPU
		{9A6167F2-A04F-41FD-973D-F62901D92B45}.Debug|Any CPU.ActiveCfg = Debug|Any CPU
		{9A6167F2-A04F-41FD-973D-F62901D92B45}.Debug|Any CPU.Build.0 = Debug|Any CPU
		{9A6167F2-A04F-41FD-973D-F62901D92B45}.Release|Any CPU.ActiveCfg = Release|Any CPU
		{9A6167F2-A04F-41FD-973D-F62901D92B45}.Release|Any CPU.Build.0 = Release|Any CPU
		{E6425629-7306-4366-861A-A5560E2C2325}.Debug|Any CPU.ActiveCfg = Debug|Any CPU
		{E6425629-7306-4366-861A-A5560E2C2325}.Debug|Any CPU.Build.0 = Debug|Any CPU
		{E6425629-7306-4366-861A-A5560E2C2325}.Release|Any CPU.ActiveCfg = Release|Any CPU
		{E6425629-7306-4366-861A-A5560E2C2325}.Release|Any CPU.Build.0 = Release|Any CPU
		{956000FE-ABF7-40F9-8FDC-4AA18605D575}.Debug|Any CPU.ActiveCfg = Debug|Any CPU
		{956000FE-ABF7-40F9-8FDC-4AA18605D575}.Debug|Any CPU.Build.0 = Debug|Any CPU
		{956000FE-ABF7-40F9-8FDC-4AA18605D575}.Release|Any CPU.ActiveCfg = Release|Any CPU
		{956000FE-ABF7-40F9-8FDC-4AA18605D575}.Release|Any CPU.Build.0 = Release|Any CPU
		{EF7CB566-F77C-48D2-9B8F-AFC64766BD5E}.Debug|Any CPU.ActiveCfg = Debug|Any CPU
		{EF7CB566-F77C-48D2-9B8F-AFC64766BD5E}.Debug|Any CPU.Build.0 = Debug|Any CPU
		{EF7CB566-F77C-48D2-9B8F-AFC64766BD5E}.Release|Any CPU.ActiveCfg = Release|Any CPU
		{EF7CB566-F77C-48D2-9B8F-AFC64766BD5E}.Release|Any CPU.Build.0 = Release|Any CPU
		{D05C489A-101F-4001-9317-1692803CDBCA}.Debug|Any CPU.ActiveCfg = Debug|Any CPU
		{D05C489A-101F-4001-9317-1692803CDBCA}.Debug|Any CPU.Build.0 = Debug|Any CPU
		{D05C489A-101F-4001-9317-1692803CDBCA}.Release|Any CPU.ActiveCfg = Release|Any CPU
		{D05C489A-101F-4001-9317-1692803CDBCA}.Release|Any CPU.Build.0 = Release|Any CPU
		{2BE1A179-7D01-4EA2-98FC-D4125E6A5519}.Debug|Any CPU.ActiveCfg = Debug|Any CPU
		{2BE1A179-7D01-4EA2-98FC-D4125E6A5519}.Debug|Any CPU.Build.0 = Debug|Any CPU
		{2BE1A179-7D01-4EA2-98FC-D4125E6A5519}.Release|Any CPU.ActiveCfg = Release|Any CPU
		{2BE1A179-7D01-4EA2-98FC-D4125E6A5519}.Release|Any CPU.Build.0 = Release|Any CPU
		{70416917-E9C5-4295-8C06-9534C58B0102}.Debug|Any CPU.ActiveCfg = Debug|Any CPU
		{70416917-E9C5-4295-8C06-9534C58B0102}.Debug|Any CPU.Build.0 = Debug|Any CPU
		{70416917-E9C5-4295-8C06-9534C58B0102}.Release|Any CPU.ActiveCfg = Release|Any CPU
		{70416917-E9C5-4295-8C06-9534C58B0102}.Release|Any CPU.Build.0 = Release|Any CPU
	EndGlobalSection
	GlobalSection(SolutionProperties) = preSolution
		HideSolutionNode = FALSE
	EndGlobalSection
	GlobalSection(NestedProjects) = preSolution
		{9A6167F2-A04F-41FD-973D-F62901D92B45} = {1217708D-706B-45C8-A8A7-7FE627DFECA4}
		{E6425629-7306-4366-861A-A5560E2C2325} = {1217708D-706B-45C8-A8A7-7FE627DFECA4}
		{956000FE-ABF7-40F9-8FDC-4AA18605D575} = {1217708D-706B-45C8-A8A7-7FE627DFECA4}
		{80E085C4-170B-453E-BDC7-F37464C47DA9} = {1217708D-706B-45C8-A8A7-7FE627DFECA4}
	EndGlobalSection
EndGlobal
